// !$*UTF8*$!
{
	archiveVersion = 1;
	classes = {
	};
	objectVersion = 77;
	objects = {

/* Begin PBXContainerItemProxy section */
		2FDDF18F2E7A2B0A003DB9D8 /* PBXContainerItemProxy */ = {
			isa = PBXContainerItemProxy;
			containerPortal = 2FDDF1762E7A2B07003DB9D8 /* Project object */;
			proxyType = 1;
			remoteGlobalIDString = 2FDDF17D2E7A2B07003DB9D8;
			remoteInfo = "Weather L";
		};
		2FDDF1992E7A2B0A003DB9D8 /* PBXContainerItemProxy */ = {
			isa = PBXContainerItemProxy;
			containerPortal = 2FDDF1762E7A2B07003DB9D8 /* Project object */;
			proxyType = 1;
			remoteGlobalIDString = 2FDDF17D2E7A2B07003DB9D8;
			remoteInfo = "Weather L";
		};
/* End PBXContainerItemProxy section */

/* Begin PBXFileReference section */
		2FDDF17E2E7A2B07003DB9D8 /* Weather L.app */ = {isa = PBXFileReference; explicitFileType = wrapper.application; includeInIndex = 0; path = "Weather L.app"; sourceTree = BUILT_PRODUCTS_DIR; };
		2FDDF18E2E7A2B0A003DB9D8 /* Weather LTests.xctest */ = {isa = PBXFileReference; explicitFileType = wrapper.cfbundle; includeInIndex = 0; path = "Weather LTests.xctest"; sourceTree = BUILT_PRODUCTS_DIR; };
		2FDDF1982E7A2B0A003DB9D8 /* Weather LUITests.xctest */ = {isa = PBXFileReference; explicitFileType = wrapper.cfbundle; includeInIndex = 0; path = "Weather LUITests.xctest"; sourceTree = BUILT_PRODUCTS_DIR; };
/* End PBXFileReference section */

/* Begin PBXFileSystemSynchronizedRootGroup section */
		2FDDF1802E7A2B07003DB9D8 /* Weather L */ = {
			isa = PBXFileSystemSynchronizedRootGroup;
			path = "Weather L";
			sourceTree = "<group>";
		};
		2FDDF1912E7A2B0A003DB9D8 /* Weather LTests */ = {
			isa = PBXFileSystemSynchronizedRootGroup;
			path = "Weather LTests";
			sourceTree = "<group>";
		};
		2FDDF19B2E7A2B0A003DB9D8 /* Weather LUITests */ = {
			isa = PBXFileSystemSynchronizedRootGroup;
			path = "Weather LUITests";
			sourceTree = "<group>";
		};
/* End PBXFileSystemSynchronizedRootGroup section */

/* Begin PBXFrameworksBuildPhase section */
		2FDDF17B2E7A2B07003DB9D8 /* Frameworks */ = {
			isa = PBXFrameworksBuildPhase;
			buildActionMask = 2147483647;
			files = (
			);
			runOnlyForDeploymentPostprocessing = 0;
		};
		2FDDF18B2E7A2B0A003DB9D8 /* Frameworks */ = {
			isa = PBXFrameworksBuildPhase;
			buildActionMask = 2147483647;
			files = (
			);
			runOnlyForDeploymentPostprocessing = 0;
		};
		2FDDF1952E7A2B0A003DB9D8 /* Frameworks */ = {
			isa = PBXFrameworksBuildPhase;
			buildActionMask = 2147483647;
			files = (
			);
			runOnlyForDeploymentPostprocessing = 0;
		};
/* End PBXFrameworksBuildPhase section */

/* Begin PBXGroup section */
		2FDDF1752E7A2B07003DB9D8 = {
			isa = PBXGroup;
			children = (
				2FDDF1802E7A2B07003DB9D8 /* Weather L */,
				2FDDF1912E7A2B0A003DB9D8 /* Weather LTests */,
				2FDDF19B2E7A2B0A003DB9D8 /* Weather LUITests */,
				2FDDF17F2E7A2B07003DB9D8 /* Products */,
			);
			sourceTree = "<group>";
		};
		2FDDF17F2E7A2B07003DB9D8 /* Products */ = {
			isa = PBXGroup;
			children = (
				2FDDF17E2E7A2B07003DB9D8 /* Weather L.app */,
				2FDDF18E2E7A2B0A003DB9D8 /* Weather LTests.xctest */,
				2FDDF1982E7A2B0A003DB9D8 /* Weather LUITests.xctest */,
			);
			name = Products;
			sourceTree = "<group>";
		};
/* End PBXGroup section */

/* Begin PBXNativeTarget section */
		2FDDF17D2E7A2B07003DB9D8 /* Weather L */ = {
			isa = PBXNativeTarget;
			buildConfigurationList = 2FDDF1A22E7A2B0A003DB9D8 /* Build configuration list for PBXNativeTarget "Weather L" */;
			buildPhases = (
				2FDDF17A2E7A2B07003DB9D8 /* Sources */,
				2FDDF17B2E7A2B07003DB9D8 /* Frameworks */,
				2FDDF17C2E7A2B07003DB9D8 /* Resources */,
			);
			buildRules = (
			);
			dependencies = (
			);
			fileSystemSynchronizedGroups = (
				2FDDF1802E7A2B07003DB9D8 /* Weather L */,
			);
			name = "Weather L";
			packageProductDependencies = (
			);
			productName = "Weather L";
			productReference = 2FDDF17E2E7A2B07003DB9D8 /* Weather L.app */;
			productType = "com.apple.product-type.application";
		};
		2FDDF18D2E7A2B0A003DB9D8 /* Weather LTests */ = {
			isa = PBXNativeTarget;
			buildConfigurationList = 2FDDF1A52E7A2B0A003DB9D8 /* Build configuration list for PBXNativeTarget "Weather LTests" */;
			buildPhases = (
				2FDDF18A2E7A2B0A003DB9D8 /* Sources */,
				2FDDF18B2E7A2B0A003DB9D8 /* Frameworks */,
				2FDDF18C2E7A2B0A003DB9D8 /* Resources */,
			);
			buildRules = (
			);
			dependencies = (
				2FDDF1902E7A2B0A003DB9D8 /* PBXTargetDependency */,
			);
			fileSystemSynchronizedGroups = (
				2FDDF1912E7A2B0A003DB9D8 /* Weather LTests */,
			);
			name = "Weather LTests";
			packageProductDependencies = (
			);
			productName = "Weather LTests";
			productReference = 2FDDF18E2E7A2B0A003DB9D8 /* Weather LTests.xctest */;
			productType = "com.apple.product-type.bundle.unit-test";
		};
		2FDDF1972E7A2B0A003DB9D8 /* Weather LUITests */ = {
			isa = PBXNativeTarget;
			buildConfigurationList = 2FDDF1A82E7A2B0A003DB9D8 /* Build configuration list for PBXNativeTarget "Weather LUITests" */;
			buildPhases = (
				2FDDF1942E7A2B0A003DB9D8 /* Sources */,
				2FDDF1952E7A2B0A003DB9D8 /* Frameworks */,
				2FDDF1962E7A2B0A003DB9D8 /* Resources */,
			);
			buildRules = (
			);
			dependencies = (
				2FDDF19A2E7A2B0A003DB9D8 /* PBXTargetDependency */,
			);
			fileSystemSynchronizedGroups = (
				2FDDF19B2E7A2B0A003DB9D8 /* Weather LUITests */,
			);
			name = "Weather LUITests";
			packageProductDependencies = (
			);
			productName = "Weather LUITests";
			productReference = 2FDDF1982E7A2B0A003DB9D8 /* Weather LUITests.xctest */;
			productType = "com.apple.product-type.bundle.ui-testing";
		};
/* End PBXNativeTarget section */

/* Begin PBXProject section */
		2FDDF1762E7A2B07003DB9D8 /* Project object */ = {
			isa = PBXProject;
			attributes = {
				BuildIndependentTargetsInParallel = 1;
				LastSwiftUpdateCheck = 1600;
				LastUpgradeCheck = 1600;
				TargetAttributes = {
					2FDDF17D2E7A2B07003DB9D8 = {
						CreatedOnToolsVersion = 16.0;
					};
					2FDDF18D2E7A2B0A003DB9D8 = {
						CreatedOnToolsVersion = 16.0;
						TestTargetID = 2FDDF17D2E7A2B07003DB9D8;
					};
					2FDDF1972E7A2B0A003DB9D8 = {
						CreatedOnToolsVersion = 16.0;
						TestTargetID = 2FDDF17D2E7A2B07003DB9D8;
					};
				};
			};
			buildConfigurationList = 2FDDF1792E7A2B07003DB9D8 /* Build configuration list for PBXProject "Weather L" */;
			developmentRegion = en;
			hasScannedForEncodings = 0;
			knownRegions = (
				en,
				Base,
			);
			mainGroup = 2FDDF1752E7A2B07003DB9D8;
			minimizedProjectReferenceProxies = 1;
			preferredProjectObjectVersion = 77;
			productRefGroup = 2FDDF17F2E7A2B07003DB9D8 /* Products */;
			projectDirPath = "";
			projectRoot = "";
			targets = (
				2FDDF17D2E7A2B07003DB9D8 /* Weather L */,
				2FDDF18D2E7A2B0A003DB9D8 /* Weather LTests */,
				2FDDF1972E7A2B0A003DB9D8 /* Weather LUITests */,
			);
		};
/* End PBXProject section */

/* Begin PBXResourcesBuildPhase section */
		2FDDF17C2E7A2B07003DB9D8 /* Resources */ = {
			isa = PBXResourcesBuildPhase;
			buildActionMask = 2147483647;
			files = (
			);
			runOnlyForDeploymentPostprocessing = 0;
		};
		2FDDF18C2E7A2B0A003DB9D8 /* Resources */ = {
			isa = PBXResourcesBuildPhase;
			buildActionMask = 2147483647;
			files = (
			);
			runOnlyForDeploymentPostprocessing = 0;
		};
		2FDDF1962E7A2B0A003DB9D8 /* Resources */ = {
			isa = PBXResourcesBuildPhase;
			buildActionMask = 2147483647;
			files = (
			);
			runOnlyForDeploymentPostprocessing = 0;
		};
/* End PBXResourcesBuildPhase section */

/* Begin PBXSourcesBuildPhase section */
		2FDDF17A2E7A2B07003DB9D8 /* Sources */ = {
			isa = PBXSourcesBuildPhase;
			buildActionMask = 2147483647;
			files = (
			);
			runOnlyForDeploymentPostprocessing = 0;
		};
		2FDDF18A2E7A2B0A003DB9D8 /* Sources */ = {
			isa = PBXSourcesBuildPhase;
			buildActionMask = 2147483647;
			files = (
			);
			runOnlyForDeploymentPostprocessing = 0;
		};
		2FDDF1942E7A2B0A003DB9D8 /* Sources */ = {
			isa = PBXSourcesBuildPhase;
			buildActionMask = 2147483647;
			files = (
			);
			runOnlyForDeploymentPostprocessing = 0;
		};
/* End PBXSourcesBuildPhase section */

/* Begin PBXTargetDependency section */
		2FDDF1902E7A2B0A003DB9D8 /* PBXTargetDependency */ = {
			isa = PBXTargetDependency;
			target = 2FDDF17D2E7A2B07003DB9D8 /* Weather L */;
			targetProxy = 2FDDF18F2E7A2B0A003DB9D8 /* PBXContainerItemProxy */;
		};
		2FDDF19A2E7A2B0A003DB9D8 /* PBXTargetDependency */ = {
			isa = PBXTargetDependency;
			target = 2FDDF17D2E7A2B07003DB9D8 /* Weather L */;
			targetProxy = 2FDDF1992E7A2B0A003DB9D8 /* PBXContainerItemProxy */;
		};
/* End PBXTargetDependency section */

/* Begin XCBuildConfiguration section */
		2FDDF1A02E7A2B0A003DB9D8 /* Debug */ = {
			isa = XCBuildConfiguration;
			buildSettings = {
				ALWAYS_SEARCH_USER_PATHS = NO;
				ASSETCATALOG_COMPILER_GENERATE_SWIFT_ASSET_SYMBOL_EXTENSIONS = YES;
				CLANG_ANALYZER_NONNULL = YES;
				CLANG_ANALYZER_NUMBER_OBJECT_CONVERSION = YES_AGGRESSIVE;
				CLANG_CXX_LANGUAGE_STANDARD = "gnu++20";
				CLANG_ENABLE_MODULES = YES;
				CLANG_ENABLE_OBJC_ARC = YES;
				CLANG_ENABLE_OBJC_WEAK = YES;
				CLANG_WARN_BLOCK_CAPTURE_AUTORELEASING = YES;
				CLANG_WARN_BOOL_CONVERSION = YES;
				CLANG_WARN_COMMA = YES;
				CLANG_WARN_CONSTANT_CONVERSION = YES;
				CLANG_WARN_DEPRECATED_OBJC_IMPLEMENTATIONS = YES;
				CLANG_WARN_DIRECT_OBJC_ISA_USAGE = YES_ERROR;
				CLANG_WARN_DOCUMENTATION_COMMENTS = YES;
				CLANG_WARN_EMPTY_BODY = YES;
				CLANG_WARN_ENUM_CONVERSION = YES;
				CLANG_WARN_INFINITE_RECURSION = YES;
				CLANG_WARN_INT_CONVERSION = YES;
				CLANG_WARN_NON_LITERAL_NULL_CONVERSION = YES;
				CLANG_WARN_OBJC_IMPLICIT_RETAIN_SELF = YES;
				CLANG_WARN_OBJC_LITERAL_CONVERSION = YES;
				CLANG_WARN_OBJC_ROOT_CLASS = YES_ERROR;
				CLANG_WARN_QUOTED_INCLUDE_IN_FRAMEWORK_HEADER = YES;
				CLANG_WARN_RANGE_LOOP_ANALYSIS = YES;
				CLANG_WARN_STRICT_PROTOTYPES = YES;
				CLANG_WARN_SUSPICIOUS_MOVE = YES;
				CLANG_WARN_UNGUARDED_AVAILABILITY = YES_AGGRESSIVE;
				CLANG_WARN_UNREACHABLE_CODE = YES;
				CLANG_WARN__DUPLICATE_METHOD_MATCH = YES;
				COPY_PHASE_STRIP = NO;
				DEBUG_INFORMATION_FORMAT = dwarf;
				ENABLE_STRICT_OBJC_MSGSEND = YES;
				ENABLE_TESTABILITY = YES;
				ENABLE_USER_SCRIPT_SANDBOXING = YES;
				GCC_C_LANGUAGE_STANDARD = gnu17;
				GCC_DYNAMIC_NO_PIC = NO;
				GCC_NO_COMMON_BLOCKS = YES;
				GCC_OPTIMIZATION_LEVEL = 0;
				GCC_PREPROCESSOR_DEFINITIONS = (
					"DEBUG=1",
					"$(inherited)",
				);
				GCC_WARN_64_TO_32_BIT_CONVERSION = YES;
				GCC_WARN_ABOUT_RETURN_TYPE = YES_ERROR;
				GCC_WARN_UNDECLARED_SELECTOR = YES;
				GCC_WARN_UNINITIALIZED_AUTOS = YES_AGGRESSIVE;
				GCC_WARN_UNUSED_FUNCTION = YES;
				GCC_WARN_UNUSED_VARIABLE = YES;
				IPHONEOS_DEPLOYMENT_TARGET = 18.0;
				LOCALIZATION_PREFERS_STRING_CATALOGS = YES;
				MTL_ENABLE_DEBUG_INFO = INCLUDE_SOURCE;
				MTL_FAST_MATH = YES;
				ONLY_ACTIVE_ARCH = YES;
				SDKROOT = iphoneos;
				SWIFT_ACTIVE_COMPILATION_CONDITIONS = "DEBUG $(inherited)";
				SWIFT_OPTIMIZATION_LEVEL = "-Onone";
			};
			name = Debug;
		};
		2FDDF1A12E7A2B0A003DB9D8 /* Release */ = {
			isa = XCBuildConfiguration;
			buildSettings = {
				ALWAYS_SEARCH_USER_PATHS = NO;
				ASSETCATALOG_COMPILER_GENERATE_SWIFT_ASSET_SYMBOL_EXTENSIONS = YES;
				CLANG_ANALYZER_NONNULL = YES;
				CLANG_ANALYZER_NUMBER_OBJECT_CONVERSION = YES_AGGRESSIVE;
				CLANG_CXX_LANGUAGE_STANDARD = "gnu++20";
				CLANG_ENABLE_MODULES = YES;
				CLANG_ENABLE_OBJC_ARC = YES;
				CLANG_ENABLE_OBJC_WEAK = YES;
				CLANG_WARN_BLOCK_CAPTURE_AUTORELEASING = YES;
				CLANG_WARN_BOOL_CONVERSION = YES;
				CLANG_WARN_COMMA = YES;
				CLANG_WARN_CONSTANT_CONVERSION = YES;
				CLANG_WARN_DEPRECATED_OBJC_IMPLEMENTATIONS = YES;
				CLANG_WARN_DIRECT_OBJC_ISA_USAGE = YES_ERROR;
				CLANG_WARN_DOCUMENTATION_COMMENTS = YES;
				CLANG_WARN_EMPTY_BODY = YES;
				CLANG_WARN_ENUM_CONVERSION = YES;
				CLANG_WARN_INFINITE_RECURSION = YES;
				CLANG_WARN_INT_CONVERSION = YES;
				CLANG_WARN_NON_LITERAL_NULL_CONVERSION = YES;
				CLANG_WARN_OBJC_IMPLICIT_RETAIN_SELF = YES;
				CLANG_WARN_OBJC_LITERAL_CONVERSION = YES;
				CLANG_WARN_OBJC_ROOT_CLASS = YES_ERROR;
				CLANG_WARN_QUOTED_INCLUDE_IN_FRAMEWORK_HEADER = YES;
				CLANG_WARN_RANGE_LOOP_ANALYSIS = YES;
				CLANG_WARN_STRICT_PROTOTYPES = YES;
				CLANG_WARN_SUSPICIOUS_MOVE = YES;
				CLANG_WARN_UNGUARDED_AVAILABILITY = YES_AGGRESSIVE;
				CLANG_WARN_UNREACHABLE_CODE = YES;
				CLANG_WARN__DUPLICATE_METHOD_MATCH = YES;
				COPY_PHASE_STRIP = NO;
				DEBUG_INFORMATION_FORMAT = "dwarf-with-dsym";
				ENABLE_NS_ASSERTIONS = NO;
				ENABLE_STRICT_OBJC_MSGSEND = YES;
				ENABLE_USER_SCRIPT_SANDBOXING = YES;
				GCC_C_LANGUAGE_STANDARD = gnu17;
				GCC_NO_COMMON_BLOCKS = YES;
				GCC_WARN_64_TO_32_BIT_CONVERSION = YES;
				GCC_WARN_ABOUT_RETURN_TYPE = YES_ERROR;
				GCC_WARN_UNDECLARED_SELECTOR = YES;
				GCC_WARN_UNINITIALIZED_AUTOS = YES_AGGRESSIVE;
				GCC_WARN_UNUSED_FUNCTION = YES;
				GCC_WARN_UNUSED_VARIABLE = YES;
				IPHONEOS_DEPLOYMENT_TARGET = 18.0;
				LOCALIZATION_PREFERS_STRING_CATALOGS = YES;
				MTL_ENABLE_DEBUG_INFO = NO;
				MTL_FAST_MATH = YES;
				SDKROOT = iphoneos;
				SWIFT_COMPILATION_MODE = wholemodule;
				VALIDATE_PRODUCT = YES;
			};
			name = Release;
		};
		2FDDF1A32E7A2B0A003DB9D8 /* Debug */ = {
			isa = XCBuildConfiguration;
			buildSettings = {
				ASSETCATALOG_COMPILER_APPICON_NAME = AppIcon;
				ASSETCATALOG_COMPILER_GLOBAL_ACCENT_COLOR_NAME = AccentColor;
				CODE_SIGN_STYLE = Automatic;
				CURRENT_PROJECT_VERSION = 1;
				DEVELOPMENT_ASSET_PATHS = "\"Weather L/Preview Content\"";
				ENABLE_PREVIEWS = YES;
				GENERATE_INFOPLIST_FILE = YES;
				INFOPLIST_KEY_NSLocationWhenInUseUsageDescription = "WeatherL necesita tu ubicación para mostrarte el clima de tu ciudad actual";
				INFOPLIST_KEY_UIApplicationSceneManifest_Generation = YES;
				INFOPLIST_KEY_UIApplicationSupportsIndirectInputEvents = YES;
				INFOPLIST_KEY_UILaunchScreen_Generation = YES;
				INFOPLIST_KEY_UISupportedInterfaceOrientations_iPad = "UIInterfaceOrientationPortrait UIInterfaceOrientationPortraitUpsideDown UIInterfaceOrientationLandscapeLeft UIInterfaceOrientationLandscapeRight";
				INFOPLIST_KEY_UISupportedInterfaceOrientations_iPhone = "UIInterfaceOrientationPortrait UIInterfaceOrientationLandscapeLeft UIInterfaceOrientationLandscapeRight";
				LD_RUNPATH_SEARCH_PATHS = (
					"$(inherited)",
					"@executable_path/Frameworks",
				);
				MARKETING_VERSION = 1.0;
				PRODUCT_BUNDLE_IDENTIFIER = "a.Weather-L";
				PRODUCT_NAME = "$(TARGET_NAME)";
				SWIFT_EMIT_LOC_STRINGS = YES;
				SWIFT_VERSION = 5.0;
				TARGETED_DEVICE_FAMILY = "1,2";
			};
			name = Debug;
		};
		2FDDF1A42E7A2B0A003DB9D8 /* Release */ = {
			isa = XCBuildConfiguration;
			buildSettings = {
				ASSETCATALOG_COMPILER_APPICON_NAME = AppIcon;
				ASSETCATALOG_COMPILER_GLOBAL_ACCENT_COLOR_NAME = AccentColor;
				CODE_SIGN_STYLE = Automatic;
				CURRENT_PROJECT_VERSION = 1;
				DEVELOPMENT_ASSET_PATHS = "\"Weather L/Preview Content\"";
				ENABLE_PREVIEWS = YES;
				GENERATE_INFOPLIST_FILE = YES;
				INFOPLIST_KEY_NSLocationWhenInUseUsageDescription = "WeatherL necesita tu ubicación para mostrarte el clima de tu ciudad actual";
				INFOPLIST_KEY_UIApplicationSceneManifest_Generation = YES;
				INFOPLIST_KEY_UIApplicationSupportsIndirectInputEvents = YES;
				INFOPLIST_KEY_UILaunchScreen_Generation = YES;
				INFOPLIST_KEY_UISupportedInterfaceOrientations_iPad = "UIInterfaceOrientationPortrait UIInterfaceOrientationPortraitUpsideDown UIInterfaceOrientationLandscapeLeft UIInterfaceOrientationLandscapeRight";
				INFOPLIST_KEY_UISupportedInterfaceOrientations_iPhone = "UIInterfaceOrientationPortrait UIInterfaceOrientationLandscapeLeft UIInterfaceOrientationLandscapeRight";
				LD_RUNPATH_SEARCH_PATHS = (
					"$(inherited)",
					"@executable_path/Frameworks",
				);
				MARKETING_VERSION = 1.0;
				PRODUCT_BUNDLE_IDENTIFIER = "a.Weather-L";
				PRODUCT_NAME = "$(TARGET_NAME)";
				SWIFT_EMIT_LOC_STRINGS = YES;
				SWIFT_VERSION = 5.0;
				TARGETED_DEVICE_FAMILY = "1,2";
			};
			name = Release;
		};
		2FDDF1A62E7A2B0A003DB9D8 /* Debug */ = {
			isa = XCBuildConfiguration;
			buildSettings = {
				BUNDLE_LOADER = "$(TEST_HOST)";
				CODE_SIGN_STYLE = Automatic;
				CURRENT_PROJECT_VERSION = 1;
				GENERATE_INFOPLIST_FILE = YES;
				IPHONEOS_DEPLOYMENT_TARGET = 18.0;
				MARKETING_VERSION = 1.0;
				PRODUCT_BUNDLE_IDENTIFIER = "a.Weather-LTests";
				PRODUCT_NAME = "$(TARGET_NAME)";
				SWIFT_EMIT_LOC_STRINGS = NO;
				SWIFT_VERSION = 5.0;
				TARGETED_DEVICE_FAMILY = "1,2";
				TEST_HOST = "$(BUILT_PRODUCTS_DIR)/Weather L.app/$(BUNDLE_EXECUTABLE_FOLDER_PATH)/Weather L";
			};
			name = Debug;
		};
		2FDDF1A72E7A2B0A003DB9D8 /* Release */ = {
			isa = XCBuildConfiguration;
			buildSettings = {
				BUNDLE_LOADER = "$(TEST_HOST)";
				CODE_SIGN_STYLE = Automatic;
				CURRENT_PROJECT_VERSION = 1;
				GENERATE_INFOPLIST_FILE = YES;
				IPHONEOS_DEPLOYMENT_TARGET = 18.0;
				MARKETING_VERSION = 1.0;
				PRODUCT_BUNDLE_IDENTIFIER = "a.Weather-LTests";
				PRODUCT_NAME = "$(TARGET_NAME)";
				SWIFT_EMIT_LOC_STRINGS = NO;
				SWIFT_VERSION = 5.0;
				TARGETED_DEVICE_FAMILY = "1,2";
				TEST_HOST = "$(BUILT_PRODUCTS_DIR)/Weather L.app/$(BUNDLE_EXECUTABLE_FOLDER_PATH)/Weather L";
			};
			name = Release;
		};
		2FDDF1A92E7A2B0A003DB9D8 /* Debug */ = {
			isa = XCBuildConfiguration;
			buildSettings = {
				CODE_SIGN_STYLE = Automatic;
				CURRENT_PROJECT_VERSION = 1;
				GENERATE_INFOPLIST_FILE = YES;
				MARKETING_VERSION = 1.0;
				PRODUCT_BUNDLE_IDENTIFIER = "a.Weather-LUITests";
				PRODUCT_NAME = "$(TARGET_NAME)";
				SWIFT_EMIT_LOC_STRINGS = NO;
				SWIFT_VERSION = 5.0;
				TARGETED_DEVICE_FAMILY = "1,2";
				TEST_TARGET_NAME = "Weather L";
			};
			name = Debug;
		};
		2FDDF1AA2E7A2B0A003DB9D8 /* Release */ = {
			isa = XCBuildConfiguration;
			buildSettings = {
				CODE_SIGN_STYLE = Automatic;
				CURRENT_PROJECT_VERSION = 1;
				GENERATE_INFOPLIST_FILE = YES;
				MARKETING_VERSION = 1.0;
				PRODUCT_BUNDLE_IDENTIFIER = "a.Weather-LUITests";
				PRODUCT_NAME = "$(TARGET_NAME)";
				SWIFT_EMIT_LOC_STRINGS = NO;
				SWIFT_VERSION = 5.0;
				TARGETED_DEVICE_FAMILY = "1,2";
				TEST_TARGET_NAME = "Weather L";
			};
			name = Release;
		};
/* End XCBuildConfiguration section */

/* Begin XCConfigurationList section */
		2FDDF1792E7A2B07003DB9D8 /* Build configuration list for PBXProject "Weather L" */ = {
			isa = XCConfigurationList;
			buildConfigurations = (
				2FDDF1A02E7A2B0A003DB9D8 /* Debug */,
				2FDDF1A12E7A2B0A003DB9D8 /* Release */,
			);
			defaultConfigurationIsVisible = 0;
			defaultConfigurationName = Release;
		};
		2FDDF1A22E7A2B0A003DB9D8 /* Build configuration list for PBXNativeTarget "Weather L" */ = {
			isa = XCConfigurationList;
			buildConfigurations = (
				2FDDF1A32E7A2B0A003DB9D8 /* Debug */,
				2FDDF1A42E7A2B0A003DB9D8 /* Release */,
			);
			defaultConfigurationIsVisible = 0;
			defaultConfigurationName = Release;
		};
		2FDDF1A52E7A2B0A003DB9D8 /* Build configuration list for PBXNativeTarget "Weather LTests" */ = {
			isa = XCConfigurationList;
			buildConfigurations = (
				2FDDF1A62E7A2B0A003DB9D8 /* Debug */,
				2FDDF1A72E7A2B0A003DB9D8 /* Release */,
			);
			defaultConfigurationIsVisible = 0;
			defaultConfigurationName = Release;
		};
		2FDDF1A82E7A2B0A003DB9D8 /* Build configuration list for PBXNativeTarget "Weather LUITests" */ = {
			isa = XCConfigurationList;
			buildConfigurations = (
				2FDDF1A92E7A2B0A003DB9D8 /* Debug */,
				2FDDF1AA2E7A2B0A003DB9D8 /* Release */,
			);
			defaultConfigurationIsVisible = 0;
			defaultConfigurationName = Release;
		};
/* End XCConfigurationList section */
	};
	rootObject = 2FDDF1762E7A2B07003DB9D8 /* Project object */;
}
